// !$*UTF8*$!
{
	archiveVersion = 1;
	classes = {
	};
	objectVersion = 46;
	objects = {

/* Begin PBXBuildFile section */
		04B6AD7819E9097200C7B2D0 /* AppDelegate.swift in Sources */ = {isa = PBXBuildFile; fileRef = 04B6AD7719E9097200C7B2D0 /* AppDelegate.swift */; };
		04B6AD7A19E9097200C7B2D0 /* ViewController.swift in Sources */ = {isa = PBXBuildFile; fileRef = 04B6AD7919E9097200C7B2D0 /* ViewController.swift */; };
		04B6AD7D19E9097200C7B2D0 /* Main.storyboard in Resources */ = {isa = PBXBuildFile; fileRef = 04B6AD7B19E9097200C7B2D0 /* Main.storyboard */; };
		04B6AD7F19E9097200C7B2D0 /* Images.xcassets in Resources */ = {isa = PBXBuildFile; fileRef = 04B6AD7E19E9097200C7B2D0 /* Images.xcassets */; };
		04B6AD8219E9097200C7B2D0 /* LaunchScreen.xib in Resources */ = {isa = PBXBuildFile; fileRef = 04B6AD8019E9097200C7B2D0 /* LaunchScreen.xib */; };
		04B6AD8E19E9097200C7B2D0 /* PostcardTests.swift in Sources */ = {isa = PBXBuildFile; fileRef = 04B6AD8D19E9097200C7B2D0 /* PostcardTests.swift */; };
		04B6AD9819E912D400C7B2D0 /* SagradaFamilia.jpeg in Resources */ = {isa = PBXBuildFile; fileRef = 04B6AD9719E912D400C7B2D0 /* SagradaFamilia.jpeg */; };
		04B6AD9A19E917A700C7B2D0 /* AlbertEinsteinStamp.jpg in Resources */ = {isa = PBXBuildFile; fileRef = 04B6AD9919E917A700C7B2D0 /* AlbertEinsteinStamp.jpg */; };
/* End PBXBuildFile section */

/* Begin PBXContainerItemProxy section */
		04B6AD8819E9097200C7B2D0 /* PBXContainerItemProxy */ = {
			isa = PBXContainerItemProxy;
			containerPortal = 04B6AD6A19E9097200C7B2D0 /* Project object */;
			proxyType = 1;
			remoteGlobalIDString = 04B6AD7119E9097200C7B2D0;
			remoteInfo = Postcard;
		};
/* End PBXContainerItemProxy section */

/* Begin PBXFileReference section */
		04B6AD7219E9097200C7B2D0 /* Postcard.app */ = {isa = PBXFileReference; explicitFileType = wrapper.application; includeInIndex = 0; path = Postcard.app; sourceTree = BUILT_PRODUCTS_DIR; };
		04B6AD7619E9097200C7B2D0 /* Info.plist */ = {isa = PBXFileReference; lastKnownFileType = text.plist.xml; path = Info.plist; sourceTree = "<group>"; };
		04B6AD7719E9097200C7B2D0 /* AppDelegate.swift */ = {isa = PBXFileReference; lastKnownFileType = sourcecode.swift; path = AppDelegate.swift; sourceTree = "<group>"; };
		04B6AD7919E9097200C7B2D0 /* ViewController.swift */ = {isa = PBXFileReference; lastKnownFileType = sourcecode.swift; path = ViewController.swift; sourceTree = "<group>"; };
		04B6AD7C19E9097200C7B2D0 /* Base */ = {isa = PBXFileReference; lastKnownFileType = file.storyboard; name = Base; path = Base.lproj/Main.storyboard; sourceTree = "<group>"; };
		04B6AD7E19E9097200C7B2D0 /* Images.xcassets */ = {isa = PBXFileReference; lastKnownFileType = folder.assetcatalog; path = Images.xcassets; sourceTree = "<group>"; };
		04B6AD8119E9097200C7B2D0 /* Base */ = {isa = PBXFileReference; lastKnownFileType = file.xib; name = Base; path = Base.lproj/LaunchScreen.xib; sourceTree = "<group>"; };
		04B6AD8719E9097200C7B2D0 /* PostcardTests.xctest */ = {isa = PBXFileReference; explicitFileType = wrapper.cfbundle; includeInIndex = 0; path = PostcardTests.xctest; sourceTree = BUILT_PRODUCTS_DIR; };
		04B6AD8C19E9097200C7B2D0 /* Info.plist */ = {isa = PBXFileReference; lastKnownFileType = text.plist.xml; path = Info.plist; sourceTree = "<group>"; };
		04B6AD8D19E9097200C7B2D0 /* PostcardTests.swift */ = {isa = PBXFileReference; lastKnownFileType = sourcecode.swift; path = PostcardTests.swift; sourceTree = "<group>"; };
		04B6AD9719E912D400C7B2D0 /* SagradaFamilia.jpeg */ = {isa = PBXFileReference; lastKnownFileType = image.jpeg; name = SagradaFamilia.jpeg; path = PostcardTests/SagradaFamilia.jpeg; sourceTree = SOURCE_ROOT; };
		04B6AD9919E917A700C7B2D0 /* AlbertEinsteinStamp.jpg */ = {isa = PBXFileReference; lastKnownFileType = image.jpeg; path = AlbertEinsteinStamp.jpg; sourceTree = "<group>"; };
/* End PBXFileReference section */

/* Begin PBXFrameworksBuildPhase section */
		04B6AD6F19E9097200C7B2D0 /* Frameworks */ = {
			isa = PBXFrameworksBuildPhase;
			buildActionMask = 2147483647;
			files = (
			);
			runOnlyForDeploymentPostprocessing = 0;
		};
		04B6AD8419E9097200C7B2D0 /* Frameworks */ = {
			isa = PBXFrameworksBuildPhase;
			buildActionMask = 2147483647;
			files = (
			);
			runOnlyForDeploymentPostprocessing = 0;
		};
/* End PBXFrameworksBuildPhase section */

/* Begin PBXGroup section */
		04B6AD6919E9097200C7B2D0 = {
			isa = PBXGroup;
			children = (
				04B6AD7419E9097200C7B2D0 /* Postcard */,
				04B6AD8A19E9097200C7B2D0 /* PostcardTests */,
				04B6AD7319E9097200C7B2D0 /* Products */,
			);
			sourceTree = "<group>";
		};
		04B6AD7319E9097200C7B2D0 /* Products */ = {
			isa = PBXGroup;
			children = (
				04B6AD7219E9097200C7B2D0 /* Postcard.app */,
				04B6AD8719E9097200C7B2D0 /* PostcardTests.xctest */,
			);
			name = Products;
			sourceTree = "<group>";
		};
		04B6AD7419E9097200C7B2D0 /* Postcard */ = {
			isa = PBXGroup;
			children = (
				04B6AD7719E9097200C7B2D0 /* AppDelegate.swift */,
				04B6AD7919E9097200C7B2D0 /* ViewController.swift */,
				04B6AD7B19E9097200C7B2D0 /* Main.storyboard */,
				04B6AD7E19E9097200C7B2D0 /* Images.xcassets */,
				04B6AD8019E9097200C7B2D0 /* LaunchScreen.xib */,
				04B6AD7519E9097200C7B2D0 /* Supporting Files */,
			);
			path = Postcard;
			sourceTree = "<group>";
		};
		04B6AD7519E9097200C7B2D0 /* Supporting Files */ = {
			isa = PBXGroup;
			children = (
				04B6AD9719E912D400C7B2D0 /* SagradaFamilia.jpeg */,
				04B6AD9919E917A700C7B2D0 /* AlbertEinsteinStamp.jpg */,
				04B6AD7619E9097200C7B2D0 /* Info.plist */,
			);
			name = "Supporting Files";
			sourceTree = "<group>";
		};
		04B6AD8A19E9097200C7B2D0 /* PostcardTests */ = {
			isa = PBXGroup;
			children = (
				04B6AD8D19E9097200C7B2D0 /* PostcardTests.swift */,
				04B6AD8B19E9097200C7B2D0 /* Supporting Files */,
			);
			path = PostcardTests;
			sourceTree = "<group>";
		};
		04B6AD8B19E9097200C7B2D0 /* Supporting Files */ = {
			isa = PBXGroup;
			children = (
				04B6AD8C19E9097200C7B2D0 /* Info.plist */,
			);
			name = "Supporting Files";
			sourceTree = "<group>";
		};
/* End PBXGroup section */

/* Begin PBXNativeTarget section */
		04B6AD7119E9097200C7B2D0 /* Postcard */ = {
			isa = PBXNativeTarget;
			buildConfigurationList = 04B6AD9119E9097200C7B2D0 /* Build configuration list for PBXNativeTarget "Postcard" */;
			buildPhases = (
				04B6AD6E19E9097200C7B2D0 /* Sources */,
				04B6AD6F19E9097200C7B2D0 /* Frameworks */,
				04B6AD7019E9097200C7B2D0 /* Resources */,
			);
			buildRules = (
			);
			dependencies = (
			);
			name = Postcard;
			productName = Postcard;
			productReference = 04B6AD7219E9097200C7B2D0 /* Postcard.app */;
			productType = "com.apple.product-type.application";
		};
		04B6AD8619E9097200C7B2D0 /* PostcardTests */ = {
			isa = PBXNativeTarget;
			buildConfigurationList = 04B6AD9419E9097200C7B2D0 /* Build configuration list for PBXNativeTarget "PostcardTests" */;
			buildPhases = (
				04B6AD8319E9097200C7B2D0 /* Sources */,
				04B6AD8419E9097200C7B2D0 /* Frameworks */,
				04B6AD8519E9097200C7B2D0 /* Resources */,
			);
			buildRules = (
			);
			dependencies = (
				04B6AD8919E9097200C7B2D0 /* PBXTargetDependency */,
			);
			name = PostcardTests;
			productName = PostcardTests;
			productReference = 04B6AD8719E9097200C7B2D0 /* PostcardTests.xctest */;
			productType = "com.apple.product-type.bundle.unit-test";
		};
/* End PBXNativeTarget section */

/* Begin PBXProject section */
		04B6AD6A19E9097200C7B2D0 /* Project object */ = {
			isa = PBXProject;
			attributes = {
				LastUpgradeCheck = 0600;
				ORGANIZATIONNAME = "Francisco J. Fernandez López";
				TargetAttributes = {
					04B6AD7119E9097200C7B2D0 = {
						CreatedOnToolsVersion = 6.0.1;
					};
					04B6AD8619E9097200C7B2D0 = {
						CreatedOnToolsVersion = 6.0.1;
						TestTargetID = 04B6AD7119E9097200C7B2D0;
					};
				};
			};
			buildConfigurationList = 04B6AD6D19E9097200C7B2D0 /* Build configuration list for PBXProject "Postcard" */;
			compatibilityVersion = "Xcode 3.2";
			developmentRegion = English;
			hasScannedForEncodings = 0;
			knownRegions = (
				en,
				Base,
			);
			mainGroup = 04B6AD6919E9097200C7B2D0;
			productRefGroup = 04B6AD7319E9097200C7B2D0 /* Products */;
			projectDirPath = "";
			projectRoot = "";
			targets = (
				04B6AD7119E9097200C7B2D0 /* Postcard */,
				04B6AD8619E9097200C7B2D0 /* PostcardTests */,
			);
		};
/* End PBXProject section */

/* Begin PBXResourcesBuildPhase section */
		04B6AD7019E9097200C7B2D0 /* Resources */ = {
			isa = PBXResourcesBuildPhase;
			buildActionMask = 2147483647;
			files = (
				04B6AD7D19E9097200C7B2D0 /* Main.storyboard in Resources */,
				04B6AD9819E912D400C7B2D0 /* SagradaFamilia.jpeg in Resources */,
				04B6AD9A19E917A700C7B2D0 /* AlbertEinsteinStamp.jpg in Resources */,
				04B6AD8219E9097200C7B2D0 /* LaunchScreen.xib in Resources */,
				04B6AD7F19E9097200C7B2D0 /* Images.xcassets in Resources */,
			);
			runOnlyForDeploymentPostprocessing = 0;
		};
		04B6AD8519E9097200C7B2D0 /* Resources */ = {
			isa = PBXResourcesBuildPhase;
			buildActionMask = 2147483647;
			files = (
			);
			runOnlyForDeploymentPostprocessing = 0;
		};
/* End PBXResourcesBuildPhase section */

/* Begin PBXSourcesBuildPhase section */
		04B6AD6E19E9097200C7B2D0 /* Sources */ = {
			isa = PBXSourcesBuildPhase;
			buildActionMask = 2147483647;
			files = (
				04B6AD7A19E9097200C7B2D0 /* ViewController.swift in Sources */,
				04B6AD7819E9097200C7B2D0 /* AppDelegate.swift in Sources */,
			);
			runOnlyForDeploymentPostprocessing = 0;
		};
		04B6AD8319E9097200C7B2D0 /* Sources */ = {
			isa = PBXSourcesBuildPhase;
			buildActionMask = 2147483647;
			files = (
				04B6AD8E19E9097200C7B2D0 /* PostcardTests.swift in Sources */,
			);
			runOnlyForDeploymentPostprocessing = 0;
		};
/* End PBXSourcesBuildPhase section */

/* Begin PBXTargetDependency section */
		04B6AD8919E9097200C7B2D0 /* PBXTargetDependency */ = {
			isa = PBXTargetDependency;
			target = 04B6AD7119E9097200C7B2D0 /* Postcard */;
			targetProxy = 04B6AD8819E9097200C7B2D0 /* PBXContainerItemProxy */;
		};
/* End PBXTargetDependency section */

/* Begin PBXVariantGroup section */
		04B6AD7B19E9097200C7B2D0 /* Main.storyboard */ = {
			isa = PBXVariantGroup;
			children = (
				04B6AD7C19E9097200C7B2D0 /* Base */,
			);
			name = Main.storyboard;
			sourceTree = "<group>";
		};
		04B6AD8019E9097200C7B2D0 /* LaunchScreen.xib */ = {
			isa = PBXVariantGroup;
			children = (
				04B6AD8119E9097200C7B2D0 /* Base */,
			);
			name = LaunchScreen.xib;
			sourceTree = "<group>";
		};
/* End PBXVariantGroup section */

/* Begin XCBuildConfiguration section */
		04B6AD8F19E9097200C7B2D0 /* Debug */ = {
			isa = XCBuildConfiguration;
			buildSettings = {
				ALWAYS_SEARCH_USER_PATHS = NO;
				CLANG_CXX_LANGUAGE_STANDARD = "gnu++0x";
				CLANG_CXX_LIBRARY = "libc++";
				CLANG_ENABLE_MODULES = YES;
				CLANG_ENABLE_OBJC_ARC = YES;
				CLANG_WARN_BOOL_CONVERSION = YES;
				CLANG_WARN_CONSTANT_CONVERSION = YES;
				CLANG_WARN_DIRECT_OBJC_ISA_USAGE = YES_ERROR;
				CLANG_WARN_EMPTY_BODY = YES;
				CLANG_WARN_ENUM_CONVERSION = YES;
				CLANG_WARN_INT_CONVERSION = YES;
				CLANG_WARN_OBJC_ROOT_CLASS = YES_ERROR;
				CLANG_WARN_UNREACHABLE_CODE = YES;
				CLANG_WARN__DUPLICATE_METHOD_MATCH = YES;
				"CODE_SIGN_IDENTITY[sdk=iphoneos*]" = "iPhone Developer";
				COPY_PHASE_STRIP = NO;
				ENABLE_STRICT_OBJC_MSGSEND = YES;
				GCC_C_LANGUAGE_STANDARD = gnu99;
				GCC_DYNAMIC_NO_PIC = NO;
				GCC_OPTIMIZATION_LEVEL = 0;
				GCC_PREPROCESSOR_DEFINITIONS = (
					"DEBUG=1",
					"$(inherited)",
				);
				GCC_SYMBOLS_PRIVATE_EXTERN = NO;
				GCC_WARN_64_TO_32_BIT_CONVERSION = YES;
				GCC_WARN_ABOUT_RETURN_TYPE = YES_ERROR;
				GCC_WARN_UNDECLARED_SELECTOR = YES;
				GCC_WARN_UNINITIALIZED_AUTOS = YES_AGGRESSIVE;
				GCC_WARN_UNUSED_FUNCTION = YES;
				GCC_WARN_UNUSED_VARIABLE = YES;
				IPHONEOS_DEPLOYMENT_TARGET = 8.0;
				MTL_ENABLE_DEBUG_INFO = YES;
				ONLY_ACTIVE_ARCH = YES;
				SDKROOT = iphoneos;
				SWIFT_OPTIMIZATION_LEVEL = "-Onone";
				TARGETED_DEVICE_FAMILY = "1,2";
			};
			name = Debug;
		};
		04B6AD9019E9097200C7B2D0 /* Release */ = {
			isa = XCBuildConfiguration;
			buildSettings = {
				ALWAYS_SEARCH_USER_PATHS = NO;
				CLANG_CXX_LANGUAGE_STANDARD = "gnu++0x";
				CLANG_CXX_LIBRARY = "libc++";
				CLANG_ENABLE_MODULES = YES;
				CLANG_ENABLE_OBJC_ARC = YES;
				CLANG_WARN_BOOL_CONVERSION = YES;
				CLANG_WARN_CONSTANT_CONVERSION = YES;
				CLANG_WARN_DIRECT_OBJC_ISA_USAGE = YES_ERROR;
				CLANG_WARN_EMPTY_BODY = YES;
				CLANG_WARN_ENUM_CONVERSION = YES;
				CLANG_WARN_INT_CONVERSION = YES;
				CLANG_WARN_OBJC_ROOT_CLASS = YES_ERROR;
				CLANG_WARN_UNREACHABLE_CODE = YES;
				CLANG_WARN__DUPLICATE_METHOD_MATCH = YES;
				"CODE_SIGN_IDENTITY[sdk=iphoneos*]" = "iPhone Developer";
				COPY_PHASE_STRIP = YES;
				ENABLE_NS_ASSERTIONS = NO;
				ENABLE_STRICT_OBJC_MSGSEND = YES;
				GCC_C_LANGUAGE_STANDARD = gnu99;
				GCC_WARN_64_TO_32_BIT_CONVERSION = YES;
				GCC_WARN_ABOUT_RETURN_TYPE = YES_ERROR;
				GCC_WARN_UNDECLARED_SELECTOR = YES;
				GCC_WARN_UNINITIALIZED_AUTOS = YES_AGGRESSIVE;
				GCC_WARN_UNUSED_FUNCTION = YES;
				GCC_WARN_UNUSED_VARIABLE = YES;
				IPHONEOS_DEPLOYMENT_TARGET = 8.0;
				MTL_ENABLE_DEBUG_INFO = NO;
				SDKROOT = iphoneos;
				TARGETED_DEVICE_FAMILY = "1,2";
				VALIDATE_PRODUCT = YES;
			};
			name = Release;
		};
		04B6AD9219E9097200C7B2D0 /* Debug */ = {
			isa = XCBuildConfiguration;
			buildSettings = {
				ASSETCATALOG_COMPILER_APPICON_NAME = AppIcon;
				INFOPLIST_FILE = Postcard/Info.plist;
				LD_RUNPATH_SEARCH_PATHS = "$(inherited) @executable_path/Frameworks";
				PRODUCT_NAME = "$(TARGET_NAME)";
			};
			name = Debug;
		};
		04B6AD9319E9097200C7B2D0 /* Release */ = {
			isa = XCBuildConfiguration;
			buildSettings = {
				ASSETCATALOG_COMPILER_APPICON_NAME = AppIcon;
				INFOPLIST_FILE = Postcard/Info.plist;
				LD_RUNPATH_SEARCH_PATHS = "$(inherited) @executable_path/Frameworks";
				PRODUCT_NAME = "$(TARGET_NAME)";
			};
			name = Release;
		};
		04B6AD9519E9097200C7B2D0 /* Debug */ = {
			isa = XCBuildConfiguration;
			buildSettings = {
				BUNDLE_LOADER = "$(TEST_HOST)";
				FRAMEWORK_SEARCH_PATHS = (
					"$(SDKROOT)/Developer/Library/Frameworks",
					"$(inherited)",
				);
				GCC_PREPROCESSOR_DEFINITIONS = (
					"DEBUG=1",
					"$(inherited)",
				);
				INFOPLIST_FILE = PostcardTests/Info.plist;
				LD_RUNPATH_SEARCH_PATHS = "$(inherited) @executable_path/Frameworks @loader_path/Frameworks";
				PRODUCT_NAME = "$(TARGET_NAME)";
				TEST_HOST = "$(BUILT_PRODUCTS_DIR)/Postcard.app/Postcard";
			};
			name = Debug;
		};
		04B6AD9619E9097200C7B2D0 /* Release */ = {
			isa = XCBuildConfiguration;
			buildSettings = {
				BUNDLE_LOADER = "$(TEST_HOST)";
				FRAMEWORK_SEARCH_PATHS = (
					"$(SDKROOT)/Developer/Library/Frameworks",
					"$(inherited)",
				);
				INFOPLIST_FILE = PostcardTests/Info.plist;
				LD_RUNPATH_SEARCH_PATHS = "$(inherited) @executable_path/Frameworks @loader_path/Frameworks";
				PRODUCT_NAME = "$(TARGET_NAME)";
				TEST_HOST = "$(BUILT_PRODUCTS_DIR)/Postcard.app/Postcard";
			};
			name = Release;
		};
/* End XCBuildConfiguration section */

/* Begin XCConfigurationList section */
		04B6AD6D19E9097200C7B2D0 /* Build configuration list for PBXProject "Postcard" */ = {
			isa = XCConfigurationList;
			buildConfigurations = (
				04B6AD8F19E9097200C7B2D0 /* Debug */,
				04B6AD9019E9097200C7B2D0 /* Release */,
			);
			defaultConfigurationIsVisible = 0;
			defaultConfigurationName = Release;
		};
		04B6AD9119E9097200C7B2D0 /* Build configuration list for PBXNativeTarget "Postcard" */ = {
			isa = XCConfigurationList;
			buildConfigurations = (
				04B6AD9219E9097200C7B2D0 /* Debug */,
				04B6AD9319E9097200C7B2D0 /* Release */,
			);
			defaultConfigurationIsVisible = 0;
			defaultConfigurationName = Release;
		};
		04B6AD9419E9097200C7B2D0 /* Build configuration list for PBXNativeTarget "PostcardTests" */ = {
			isa = XCConfigurationList;
			buildConfigurations = (
				04B6AD9519E9097200C7B2D0 /* Debug */,
				04B6AD9619E9097200C7B2D0 /* Release */,
			);
			defaultConfigurationIsVisible = 0;
			defaultConfigurationName = Release;
		};
/* End XCConfigurationList section */
	};
	rootObject = 04B6AD6A19E9097200C7B2D0 /* Project object */;
}
